# THIS IS AN AUTOGENERATED FILE. DO NOT EDIT THIS FILE DIRECTLY.
# yarn lockfile v1


"@babel/runtime@^7.4.5":
  version "7.4.5"
  resolved "https://registry.npm.taobao.org/@babel/runtime/download/@babel/runtime-7.4.5.tgz?cache=0&other_urls=https%3A%2F%2Fregistry.npm.taobao.org%2F%40babel%2Fruntime%2Fdownload%2F%40babel%2Fruntime-7.4.5.tgz#582bb531f5f9dc67d2fcb682979894f75e253f12"
  integrity sha1-WCu1MfX53GfS/LaCl5iU914lPxI=
  dependencies:
    regenerator-runtime "^0.13.2"

deepmerge@^3.2.0:
  version "3.2.0"
  resolved "https://registry.npm.taobao.org/deepmerge/download/deepmerge-3.2.0.tgz#58ef463a57c08d376547f8869fdc5bcee957f44e"
  integrity sha1-WO9GOlfAjTdlR/iGn9xbzulX9E4=

is-plain-object@^3.0.0:
  version "3.0.0"
  resolved "https://registry.npm.taobao.org/is-plain-object/download/is-plain-object-3.0.0.tgz#47bfc5da1b5d50d64110806c199359482e75a928"
  integrity sha1-R7/F2htdUNZBEIBsGZNZSC51qSg=
  dependencies:
    isobject "^4.0.0"

isobject@^4.0.0:
  version "4.0.0"
  resolved "https://registry.npm.taobao.org/isobject/download/isobject-4.0.0.tgz#3f1c9155e73b192022a80819bacd0343711697b0"
  integrity sha1-PxyRVec7GSAiqAgZus0DQ3EWl7A=

regenerator-runtime@^0.13.2:
  version "0.13.2"
  resolved "https://registry.npm.taobao.org/regenerator-runtime/download/regenerator-runtime-0.13.2.tgz?cache=0&other_urls=https%3A%2F%2Fregistry.npm.taobao.org%2Fregenerator-runtime%2Fdownload%2Fregenerator-runtime-0.13.2.tgz#32e59c9a6fb9b1a4aff09b4930ca2d4477343447"
  integrity sha1-MuWcmm+5saSv8JtJMMotRHc0NEc=
