# THIS IS AN AUTOGENERATED FILE. DO NOT EDIT THIS FILE DIRECTLY.
# yarn lockfile v1


"@lugia/css@^1.0.27":
  version "1.0.27"
  resolved "https://registry.npmjs.org/@lugia/css/-/css-1.0.27.tgz#c8bcdcb77458ccdb2233e8f78260d89b6f445864"
  integrity sha512-EZxM172Rsxpc8taI5t7v5E8ZppBRbpIVS94627ZbpGMyLQqP2y/ShgpU1hvZBVOJ0lQJAQ8wWp/Rm6LYGCqz0w==
  dependencies:
    "@types/debug" "^4.1.5"
    debug "^4.1.1"
    tslib "2.3.1"

"@lugia/dict@^1.0.6":
  version "1.0.6"
  resolved "https://registry.npmjs.org/@lugia/dict/-/dict-1.0.6.tgz#30f96c0c38b5ad1b32b63c8dcad750d1a3648e68"
  integrity sha512-tNs6oc7vrmKCkZM4ycbaK7ccv0Ktw2Xj51IwFw/y0j5OWMAMWEKZSfY6XGrS6k7IZPMNYiROy7HrfhV0YGZeFw==
  dependencies:
    tslib "2.3.1"

"@types/debug@^4.1.5":
  version "4.1.7"
  resolved "https://registry.npmjs.org/@types/debug/-/debug-4.1.7.tgz#7cc0ea761509124709b8b2d1090d8f6c17aadb82"
  integrity sha512-9AonUzyTjXXhEOa0DnqpzZi6VHlqKMswga9EXjpXnnqxwLtdvPPtlO8evrI5D9S6asFRCQ6v+wpiUKbw+vKqyg==
  dependencies:
    "@types/ms" "*"

"@types/ms@*":
  version "0.7.31"
  resolved "https://registry.npmjs.org/@types/ms/-/ms-0.7.31.tgz#31b7ca6407128a3d2bbc27fe2d21b345397f6197"
  integrity sha512-iiUgKzV9AuaEkZqkOLDIvlQiL6ltuZd9tGcW3gwpnX8JbuiuhFlEGmmFXEXkN50Cvq7Os88IY2v0dkDqXYWVgA==

debug@^4.1.1:
  version "4.1.1"
  resolved "https://registry.npm.taobao.org/debug/download/debug-4.1.1.tgz#3b72260255109c6b589cee050f1d516139664791"
  integrity sha1-O3ImAlUQnGtYnO4FDx1RYTlmR5E=
  dependencies:
    ms "^2.1.1"

ms@^2.1.1:
  version "2.1.2"
  resolved "https://registry.npm.taobao.org/ms/download/ms-2.1.2.tgz#d09d1f357b443f493382a8eb3ccd183872ae6009"
  integrity sha1-0J0fNXtEP0kzgqjrPM0YOHKuYAk=

tslib@2.3.1:
  version "2.3.1"
  resolved "https://registry.npmjs.org/tslib/-/tslib-2.3.1.tgz#e8a335add5ceae51aa261d32a490158ef042ef01"
  integrity sha512-77EbyPPpMz+FRFRuAFlWMtmgUWGe9UOG2Z25NqCwiIjRhOf5iKGuzSe5P2w1laq+FkRy4p+PCuVkJSGkzTEKVw==
