# THIS IS AN AUTOGENERATED FILE. DO NOT EDIT THIS FILE DIRECTLY.
# yarn lockfile v1


"@babel/runtime-corejs3@^7.8.3":
  version "7.8.7"
  resolved "https://registry.yarnpkg.com/@babel/runtime-corejs3/-/runtime-corejs3-7.8.7.tgz#8209d9dff2f33aa2616cb319c83fe159ffb07b8c"
  integrity sha512-sc7A+H4I8kTd7S61dgB9RomXu/C+F4IrRr4Ytze4dnfx7AXEpCrejSNpjx7vq6y/Bak9S6Kbk65a/WgMLtg43Q==
  dependencies:
    core-js-pure "^3.0.0"
    regenerator-runtime "^0.13.4"

"@babel/runtime@^7.4.5":
  version "7.4.5"
  resolved "https://registry.npm.taobao.org/@babel/runtime/download/@babel/runtime-7.4.5.tgz?cache=0&other_urls=https%3A%2F%2Fregistry.npm.taobao.org%2F%40babel%2Fruntime%2Fdownload%2F%40babel%2Fruntime-7.4.5.tgz#582bb531f5f9dc67d2fcb682979894f75e253f12"
  integrity sha1-WCu1MfX53GfS/LaCl5iU914lPxI=
  dependencies:
    regenerator-runtime "^0.13.2"

"@lugia/css@^1.0.19":
  version "1.0.19"
  resolved "https://registry.yarnpkg.com/@lugia/css/-/css-1.0.19.tgz#e56fb183b43191f996dc8413d4ab6da5d293f409"
  integrity sha512-clq57XfSUIvQp8tPJNYJOEEpHz5j8zouN/ZX4e14pmYRIe38wkcwH/XIPWkUCZwy8FBdA8QOH6upr6Ty+SdgWQ==
  dependencies:
    "@babel/runtime" "^7.4.5"
    decamelize "^3.2.0"

"@lugia/dict@^1.0.1":
  version "1.0.1"
  resolved "https://registry.yarnpkg.com/@lugia/dict/-/dict-1.0.1.tgz#b7b0b44986b44a5ee9121dc4a7c3fca4c0edf41f"
  integrity sha512-wmc4voHSobtFrRRYUDE3TxRMo+dCGJvYLaFvL32YiQEyn/ZjeNDIREpiyvDKcWgouaCXfqdqNwSHhAut7a3Axw==

core-js-pure@^3.0.0:
  version "3.6.4"
  resolved "https://registry.yarnpkg.com/core-js-pure/-/core-js-pure-3.6.4.tgz#4bf1ba866e25814f149d4e9aaa08c36173506e3a"
  integrity sha512-epIhRLkXdgv32xIUFaaAry2wdxZYBi6bgM7cB136dzzXXa+dFyRLTZeLUJxnd8ShrmyVXBub63n2NHo2JAt8Cw==

decamelize@^3.2.0:
  version "3.2.0"
  resolved "https://registry.yarnpkg.com/decamelize/-/decamelize-3.2.0.tgz#84b8e8f4f8c579f938e35e2cc7024907e0090851"
  integrity sha512-4TgkVUsmmu7oCSyGBm5FvfMoACuoh9EOidm7V5/J2X2djAwwt57qb3F2KMP2ITqODTCSwb+YRV+0Zqrv18k/hw==
  dependencies:
    xregexp "^4.2.4"

regenerator-runtime@^0.13.2:
  version "0.13.2"
  resolved "https://registry.npm.taobao.org/regenerator-runtime/download/regenerator-runtime-0.13.2.tgz?cache=0&other_urls=https%3A%2F%2Fregistry.npm.taobao.org%2Fregenerator-runtime%2Fdownload%2Fregenerator-runtime-0.13.2.tgz#32e59c9a6fb9b1a4aff09b4930ca2d4477343447"
  integrity sha1-MuWcmm+5saSv8JtJMMotRHc0NEc=

regenerator-runtime@^0.13.4:
  version "0.13.5"
  resolved "https://registry.yarnpkg.com/regenerator-runtime/-/regenerator-runtime-0.13.5.tgz#d878a1d094b4306d10b9096484b33ebd55e26697"
  integrity sha512-ZS5w8CpKFinUzOwW3c83oPeVXoNsrLsaCoLtJvAClH135j/R77RuymhiSErhm2lKcwSCIpmvIWSbDkIfAqKQlA==

xregexp@^4.2.4:
  version "4.3.0"
  resolved "https://registry.yarnpkg.com/xregexp/-/xregexp-4.3.0.tgz#7e92e73d9174a99a59743f67a4ce879a04b5ae50"
  integrity sha512-7jXDIFXh5yJ/orPn4SXjuVrWWoi4Cr8jfV1eHv9CixKSbU+jY4mxfrBwAuDvupPNKpMUY+FeIqsVw/JLT9+B8g==
  dependencies:
    "@babel/runtime-corejs3" "^7.8.3"
