# THIS IS AN AUTOGENERATED FILE. DO NOT EDIT THIS FILE DIRECTLY.
# yarn lockfile v1


"@babel/code-frame@^7.8.3":
  version "7.8.3"
  resolved "https://registry.npm.taobao.org/@babel/code-frame/download/@babel/code-frame-7.8.3.tgz#33e25903d7481181534e12ec0a25f16b6fcf419e"
  integrity sha1-M+JZA9dIEYFTThLsCiXxa2/PQZ4=
  dependencies:
    "@babel/highlight" "^7.8.3"

"@babel/generator@^7.9.0":
  version "7.9.4"
  resolved "https://registry.npm.taobao.org/@babel/generator/download/@babel/generator-7.9.4.tgz?cache=0&sync_timestamp=1585038694931&other_urls=https%3A%2F%2Fregistry.npm.taobao.org%2F%40babel%2Fgenerator%2Fdownload%2F%40babel%2Fgenerator-7.9.4.tgz#12441e90c3b3c4159cdecf312075bf1a8ce2dbce"
  integrity sha1-EkQekMOzxBWc3s8xIHW/Gozi284=
  dependencies:
    "@babel/types" "^7.9.0"
    jsesc "^2.5.1"
    lodash "^4.17.13"
    source-map "^0.5.0"

"@babel/helper-annotate-as-pure@^7.0.0":
  version "7.8.3"
  resolved "https://registry.npm.taobao.org/@babel/helper-annotate-as-pure/download/@babel/helper-annotate-as-pure-7.8.3.tgz?cache=0&other_urls=https%3A%2F%2Fregistry.npm.taobao.org%2F%40babel%2Fhelper-annotate-as-pure%2Fdownload%2F%40babel%2Fhelper-annotate-as-pure-7.8.3.tgz#60bc0bc657f63a0924ff9a4b4a0b24a13cf4deee"
  integrity sha1-YLwLxlf2Ogkk/5pLSgskoTz03u4=
  dependencies:
    "@babel/types" "^7.8.3"

"@babel/helper-function-name@^7.8.3":
  version "7.8.3"
  resolved "https://registry.npm.taobao.org/@babel/helper-function-name/download/@babel/helper-function-name-7.8.3.tgz#eeeb665a01b1f11068e9fb86ad56a1cb1a824cca"
  integrity sha1-7utmWgGx8RBo6fuGrVahyxqCTMo=
  dependencies:
    "@babel/helper-get-function-arity" "^7.8.3"
    "@babel/template" "^7.8.3"
    "@babel/types" "^7.8.3"

"@babel/helper-get-function-arity@^7.8.3":
  version "7.8.3"
  resolved "https://registry.npm.taobao.org/@babel/helper-get-function-arity/download/@babel/helper-get-function-arity-7.8.3.tgz?cache=0&sync_timestamp=1578952186401&other_urls=https%3A%2F%2Fregistry.npm.taobao.org%2F%40babel%2Fhelper-get-function-arity%2Fdownload%2F%40babel%2Fhelper-get-function-arity-7.8.3.tgz#b894b947bd004381ce63ea1db9f08547e920abd5"
  integrity sha1-uJS5R70AQ4HOY+odufCFR+kgq9U=
  dependencies:
    "@babel/types" "^7.8.3"

"@babel/helper-module-imports@^7.0.0":
  version "7.8.3"
  resolved "https://registry.npm.taobao.org/@babel/helper-module-imports/download/@babel/helper-module-imports-7.8.3.tgz#7fe39589b39c016331b6b8c3f441e8f0b1419498"
  integrity sha1-f+OVibOcAWMxtrjD9EHo8LFBlJg=
  dependencies:
    "@babel/types" "^7.8.3"

"@babel/helper-split-export-declaration@^7.8.3":
  version "7.8.3"
  resolved "https://registry.npm.taobao.org/@babel/helper-split-export-declaration/download/@babel/helper-split-export-declaration-7.8.3.tgz?cache=0&other_urls=https%3A%2F%2Fregistry.npm.taobao.org%2F%40babel%2Fhelper-split-export-declaration%2Fdownload%2F%40babel%2Fhelper-split-export-declaration-7.8.3.tgz#31a9f30070f91368a7182cf05f831781065fc7a9"
  integrity sha1-ManzAHD5E2inGCzwX4MXgQZfx6k=
  dependencies:
    "@babel/types" "^7.8.3"

"@babel/helper-validator-identifier@^7.9.0":
  version "7.9.0"
  resolved "https://registry.npm.taobao.org/@babel/helper-validator-identifier/download/@babel/helper-validator-identifier-7.9.0.tgz#ad53562a7fc29b3b9a91bbf7d10397fd146346ed"
  integrity sha1-rVNWKn/Cmzuakbv30QOX/RRjRu0=

"@babel/highlight@^7.8.3":
  version "7.9.0"
  resolved "https://registry.npm.taobao.org/@babel/highlight/download/@babel/highlight-7.9.0.tgz#4e9b45ccb82b79607271b2979ad82c7b68163079"
  integrity sha1-TptFzLgreWBycbKXmtgse2gWMHk=
  dependencies:
    "@babel/helper-validator-identifier" "^7.9.0"
    chalk "^2.0.0"
    js-tokens "^4.0.0"

"@babel/parser@^7.8.6", "@babel/parser@^7.9.0":
  version "7.9.4"
  resolved "https://registry.npm.taobao.org/@babel/parser/download/@babel/parser-7.9.4.tgz#68a35e6b0319bbc014465be43828300113f2f2e8"
  integrity sha1-aKNeawMZu8AURlvkOCgwARPy8ug=

"@babel/runtime@^7.4.5":
  version "7.4.5"
  resolved "https://registry.npm.taobao.org/@babel/runtime/download/@babel/runtime-7.4.5.tgz?cache=0&other_urls=https%3A%2F%2Fregistry.npm.taobao.org%2F%40babel%2Fruntime%2Fdownload%2F%40babel%2Fruntime-7.4.5.tgz#582bb531f5f9dc67d2fcb682979894f75e253f12"
  integrity sha1-WCu1MfX53GfS/LaCl5iU914lPxI=
  dependencies:
    regenerator-runtime "^0.13.2"

"@babel/template@^7.8.3":
  version "7.8.6"
  resolved "https://registry.npm.taobao.org/@babel/template/download/@babel/template-7.8.6.tgz?cache=0&sync_timestamp=1582806406689&other_urls=https%3A%2F%2Fregistry.npm.taobao.org%2F%40babel%2Ftemplate%2Fdownload%2F%40babel%2Ftemplate-7.8.6.tgz#86b22af15f828dfb086474f964dcc3e39c43ce2b"
  integrity sha1-hrIq8V+CjfsIZHT5ZNzD45xDzis=
  dependencies:
    "@babel/code-frame" "^7.8.3"
    "@babel/parser" "^7.8.6"
    "@babel/types" "^7.8.6"

"@babel/traverse@^7.4.5":
  version "7.9.0"
  resolved "https://registry.npm.taobao.org/@babel/traverse/download/@babel/traverse-7.9.0.tgz#d3882c2830e513f4fe4cec9fe76ea1cc78747892"
  integrity sha1-04gsKDDlE/T+TOyf526hzHh0eJI=
  dependencies:
    "@babel/code-frame" "^7.8.3"
    "@babel/generator" "^7.9.0"
    "@babel/helper-function-name" "^7.8.3"
    "@babel/helper-split-export-declaration" "^7.8.3"
    "@babel/parser" "^7.9.0"
    "@babel/types" "^7.9.0"
    debug "^4.1.0"
    globals "^11.1.0"
    lodash "^4.17.13"

"@babel/types@^7.8.3", "@babel/types@^7.8.6", "@babel/types@^7.9.0":
  version "7.9.0"
  resolved "https://registry.npm.taobao.org/@babel/types/download/@babel/types-7.9.0.tgz#00b064c3df83ad32b2dbf5ff07312b15c7f1efb5"
  integrity sha1-ALBkw9+DrTKy2/X/BzErFcfx77U=
  dependencies:
    "@babel/helper-validator-identifier" "^7.9.0"
    lodash "^4.17.13"
    to-fast-properties "^2.0.0"

"@emotion/is-prop-valid@^0.8.3":
  version "0.8.8"
  resolved "https://registry.npm.taobao.org/@emotion/is-prop-valid/download/@emotion/is-prop-valid-0.8.8.tgz#db28b1c4368a259b60a97311d6a952d4fd01ac1a"
  integrity sha1-2yixxDaKJZtgqXMR1qlS1P0BrBo=
  dependencies:
    "@emotion/memoize" "0.7.4"

"@emotion/memoize@0.7.4":
  version "0.7.4"
  resolved "https://registry.npm.taobao.org/@emotion/memoize/download/@emotion/memoize-0.7.4.tgz#19bf0f5af19149111c40d98bb0cf82119f5d9eeb"
  integrity sha1-Gb8PWvGRSREcQNmLsM+CEZ9dnus=

"@emotion/stylis@^0.8.4":
  version "0.8.5"
  resolved "https://registry.npm.taobao.org/@emotion/stylis/download/@emotion/stylis-0.8.5.tgz#deacb389bd6ee77d1e7fcaccce9e16c5c7e78e04"
  integrity sha1-3qyzib1u530ef8rMzp4WxcfnjgQ=

"@emotion/unitless@^0.7.4":
  version "0.7.5"
  resolved "https://registry.npm.taobao.org/@emotion/unitless/download/@emotion/unitless-0.7.5.tgz?cache=0&other_urls=https%3A%2F%2Fregistry.npm.taobao.org%2F%40emotion%2Funitless%2Fdownload%2F%40emotion%2Funitless-0.7.5.tgz#77211291c1900a700b8a78cfafda3160d76949ed"
  integrity sha1-dyESkcGQCnALinjPr9oxYNdpSe0=

"@lugia/object-utils@^1.1.2":
  version "1.1.2"
  resolved "https://registry.npmjs.org/@lugia/object-utils/-/object-utils-1.1.2.tgz#d173dbd0d89979965842b205cabcac93854c3053"
  integrity sha512-e+9n6ArrRYLw0q6G2kYwvgu7ulfNILWR7nyDrfphe5Lo11vvskBXDQf65/hO8BBlJLf+5aNhxTqxMhpkdS5LBg==
  dependencies:
    "@babel/runtime" "^7.4.5"
    deepmerge "^3.2.0"
    is-plain-object "^3.0.0"
    tslib "^1.11.1"

"@lugia/theme-config@^1.1.7":
  version "1.1.7"
  resolved "https://registry.npmjs.org/@lugia/theme-config/-/theme-config-1.1.7.tgz#d44d0ea64f161d106e6806692ea8758237506d65"
  integrity sha512-dW+uwVDC2c50s6/IFbsJVFbAwop70gDrxPgb2bHCAQGaT37PCifkZ51dYpfdH6gEvMk6Mszp+9CHwmpxdn0IyQ==
  dependencies:
    "@babel/runtime" "^7.4.5"
    "@types/react" "^16.9.27"
    "@types/react-test-renderer" "^16.9.2"
    prop-types "^15.7.2"

"@types/cheerio@*":
  version "0.22.17"
  resolved "https://registry.npm.taobao.org/@types/cheerio/download/@types/cheerio-0.22.17.tgz?cache=0&sync_timestamp=1584719529639&other_urls=https%3A%2F%2Fregistry.npm.taobao.org%2F%40types%2Fcheerio%2Fdownload%2F%40types%2Fcheerio-0.22.17.tgz#e54f71c3135f71ebc16c8dc62edad533872c9e72"
  integrity sha1-5U9xwxNfcevBbI3GLtrVM4csnnI=
  dependencies:
    "@types/node" "*"

"@types/enzyme-adapter-react-16@^1.0.6":
  version "1.0.6"
  resolved "https://registry.npm.taobao.org/@types/enzyme-adapter-react-16/download/@types/enzyme-adapter-react-16-1.0.6.tgz#8aca7ae2fd6c7137d869b6616e696d21bb8b0cec"
  integrity sha1-isp64v1scTfYabZhbmltIbuLDOw=
  dependencies:
    "@types/enzyme" "*"

"@types/enzyme@*", "@types/enzyme@^3.10.5":
  version "3.10.5"
  resolved "https://registry.npm.taobao.org/@types/enzyme/download/@types/enzyme-3.10.5.tgz#fe7eeba3550369eed20e7fb565bfb74eec44f1f0"
  integrity sha1-/n7ro1UDae7SDn+1Zb+3TuxE8fA=
  dependencies:
    "@types/cheerio" "*"
    "@types/react" "*"

"@types/hoist-non-react-statics@*":
  version "3.3.1"
  resolved "https://registry.npm.taobao.org/@types/hoist-non-react-statics/download/@types/hoist-non-react-statics-3.3.1.tgz#1124aafe5118cb591977aeb1ceaaed1070eb039f"
  integrity sha1-ESSq/lEYy1kZd66xzqrtEHDrA58=
  dependencies:
    "@types/react" "*"
    hoist-non-react-statics "^3.3.0"

"@types/node@*":
  version "13.9.5"
  resolved "https://registry.npm.taobao.org/@types/node/download/@types/node-13.9.5.tgz?cache=0&sync_timestamp=1585327897037&other_urls=https%3A%2F%2Fregistry.npm.taobao.org%2F%40types%2Fnode%2Fdownload%2F%40types%2Fnode-13.9.5.tgz#59738bf30b31aea1faa2df7f4a5f55613750cf00"
  integrity sha1-WXOL8wsxrqH6ot9/Sl9VYTdQzwA=

"@types/prop-types@*":
  version "15.7.3"
  resolved "https://registry.npm.taobao.org/@types/prop-types/download/@types/prop-types-15.7.3.tgz?cache=0&sync_timestamp=1580843689762&other_urls=https%3A%2F%2Fregistry.npm.taobao.org%2F%40types%2Fprop-types%2Fdownload%2F%40types%2Fprop-types-15.7.3.tgz#2ab0d5da2e5815f94b0b9d4b95d1e5f243ab2ca7"
  integrity sha1-KrDV2i5YFflLC51LldHl8kOrLKc=

"@types/react-native@*":
  version "0.62.0"
  resolved "https://registry.npm.taobao.org/@types/react-native/download/@types/react-native-0.62.0.tgz#d3e69ea279cd3452616933672dcaa389ca1fb15a"
  integrity sha1-0+aeonnNNFJhaTNnLcqjicofsVo=
  dependencies:
    "@types/react" "*"

"@types/react-test-renderer@^16.9.2":
  version "16.9.5"
  resolved "https://registry.npmjs.org/@types/react-test-renderer/-/react-test-renderer-16.9.5.tgz#edab67da470f7c3e997f58d55dcfe2643cc30a68"
  integrity sha512-C4cN7C2uSSGOYelp2XfdtJb5TsCP+QiZ+0Bm4U3ZfUswN8oN9O/l86XO/OvBSFCmWY7w75fzsQvZ50eGkFN34A==
  dependencies:
    "@types/react" "^16"

"@types/react@*", "@types/react@^16.9.27":
  version "16.9.27"
  resolved "https://registry.npm.taobao.org/@types/react/download/@types/react-16.9.27.tgz#7fc5db99e3ec3f21735b44d3560cff684856814a"
  integrity sha1-f8XbmePsPyFzW0TTVgz/aEhWgUo=
  dependencies:
    "@types/prop-types" "*"
    csstype "^2.2.0"

"@types/react@^16":
  version "16.14.21"
  resolved "https://registry.npmjs.org/@types/react/-/react-16.14.21.tgz#35199b21a278355ec7a3c40003bd6a334bd4ae4a"
  integrity sha512-rY4DzPKK/4aohyWiDRHS2fotN5rhBSK6/rz1X37KzNna9HJyqtaGAbq9fVttrEPWF5ywpfIP1ITL8Xi2QZn6Eg==
  dependencies:
    "@types/prop-types" "*"
    "@types/scheduler" "*"
    csstype "^3.0.2"

"@types/react@^16.9.32":
  version "16.9.32"
  resolved "https://registry.npm.taobao.org/@types/react/download/@types/react-16.9.32.tgz#f6368625b224604148d1ddf5920e4fefbd98d383"
  integrity sha1-9jaGJbIkYEFI0d31kg5P772Y04M=
  dependencies:
    "@types/prop-types" "*"
    csstype "^2.2.0"

"@types/scheduler@*":
  version "0.16.2"
  resolved "https://registry.npmjs.org/@types/scheduler/-/scheduler-0.16.2.tgz#1a62f89525723dde24ba1b01b092bf5df8ad4d39"
  integrity sha512-hppQEBDmlwhFAXKJX2KnWLYu5yMfi91yazPb2l+lbJiwW+wdo1gNeRA+3RgNSO39WYX2euey41KEwnqesU2Jew==

"@types/styled-components@^5.0.1":
  version "5.0.1"
  resolved "https://registry.npm.taobao.org/@types/styled-components/download/@types/styled-components-5.0.1.tgz#44d210b0a0218a70df998d1a8e1f69c82d9cc68b"
  integrity sha1-RNIQsKAhinDfmY0ajh9pyC2cxos=
  dependencies:
    "@types/hoist-non-react-statics" "*"
    "@types/react" "*"
    "@types/react-native" "*"
    csstype "^2.2.0"

airbnb-prop-types@^2.15.0:
  version "2.15.0"
  resolved "https://registry.npm.taobao.org/airbnb-prop-types/download/airbnb-prop-types-2.15.0.tgz#5287820043af1eb469f5b0af0d6f70da6c52aaef"
  integrity sha1-UoeCAEOvHrRp9bCvDW9w2mxSqu8=
  dependencies:
    array.prototype.find "^2.1.0"
    function.prototype.name "^1.1.1"
    has "^1.0.3"
    is-regex "^1.0.4"
    object-is "^1.0.1"
    object.assign "^4.1.0"
    object.entries "^1.1.0"
    prop-types "^15.7.2"
    prop-types-exact "^1.2.0"
    react-is "^16.9.0"

ansi-styles@^3.2.1:
  version "3.2.1"
  resolved "https://registry.npm.taobao.org/ansi-styles/download/ansi-styles-3.2.1.tgz?cache=0&sync_timestamp=1577903718856&other_urls=https%3A%2F%2Fregistry.npm.taobao.org%2Fansi-styles%2Fdownload%2Fansi-styles-3.2.1.tgz#41fbb20243e50b12be0f04b8dedbf07520ce841d"
  integrity sha1-QfuyAkPlCxK+DwS43tvwdSDOhB0=
  dependencies:
    color-convert "^1.9.0"

array-filter@^1.0.0:
  version "1.0.0"
  resolved "https://registry.npm.taobao.org/array-filter/download/array-filter-1.0.0.tgz#baf79e62e6ef4c2a4c0b831232daffec251f9d83"
  integrity sha1-uveeYubvTCpMC4MSMtr/7CUfnYM=

array.prototype.find@^2.1.0:
  version "2.1.1"
  resolved "https://registry.npm.taobao.org/array.prototype.find/download/array.prototype.find-2.1.1.tgz#3baca26108ca7affb08db06bf0be6cb3115a969c"
  integrity sha1-O6yiYQjKev+wjbBr8L5ssxFalpw=
  dependencies:
    define-properties "^1.1.3"
    es-abstract "^1.17.4"

array.prototype.flat@^1.2.3:
  version "1.2.3"
  resolved "https://registry.npm.taobao.org/array.prototype.flat/download/array.prototype.flat-1.2.3.tgz?cache=0&sync_timestamp=1576170357219&other_urls=https%3A%2F%2Fregistry.npm.taobao.org%2Farray.prototype.flat%2Fdownload%2Farray.prototype.flat-1.2.3.tgz#0de82b426b0318dbfdb940089e38b043d37f6c7b"
  integrity sha1-DegrQmsDGNv9uUAInjiwQ9N/bHs=
  dependencies:
    define-properties "^1.1.3"
    es-abstract "^1.17.0-next.1"

"babel-plugin-styled-components@>= 1":
  version "1.10.7"
  resolved "https://registry.npm.taobao.org/babel-plugin-styled-components/download/babel-plugin-styled-components-1.10.7.tgz#3494e77914e9989b33cc2d7b3b29527a949d635c"
  integrity sha1-NJTneRTpmJszzC17OylSepSdY1w=
  dependencies:
    "@babel/helper-annotate-as-pure" "^7.0.0"
    "@babel/helper-module-imports" "^7.0.0"
    babel-plugin-syntax-jsx "^6.18.0"
    lodash "^4.17.11"

babel-plugin-syntax-jsx@^6.18.0:
  version "6.18.0"
  resolved "https://registry.npm.taobao.org/babel-plugin-syntax-jsx/download/babel-plugin-syntax-jsx-6.18.0.tgz#0af32a9a6e13ca7a3fd5069e62d7b0f58d0d8946"
  integrity sha1-CvMqmm4Tyno/1QaeYtew9Y0NiUY=

boolbase@~1.0.0:
  version "1.0.0"
  resolved "https://registry.npm.taobao.org/boolbase/download/boolbase-1.0.0.tgz#68dff5fbe60c51eb37725ea9e3ed310dcc1e776e"
  integrity sha1-aN/1++YMUes3cl6p4+0xDcwed24=

camelize@^1.0.0:
  version "1.0.0"
  resolved "https://registry.npm.taobao.org/camelize/download/camelize-1.0.0.tgz#164a5483e630fa4321e5af07020e531831b2609b"
  integrity sha1-FkpUg+Yw+kMh5a8HAg5TGDGyYJs=

chalk@^2.0.0:
  version "2.4.2"
  resolved "https://registry.npm.taobao.org/chalk/download/chalk-2.4.2.tgz#cd42541677a54333cf541a49108c1432b44c9424"
  integrity sha1-zUJUFnelQzPPVBpJEIwUMrRMlCQ=
  dependencies:
    ansi-styles "^3.2.1"
    escape-string-regexp "^1.0.5"
    supports-color "^5.3.0"

cheerio@^1.0.0-rc.3:
  version "1.0.0-rc.3"
  resolved "https://registry.npm.taobao.org/cheerio/download/cheerio-1.0.0-rc.3.tgz#094636d425b2e9c0f4eb91a46c05630c9a1a8bf6"
  integrity sha1-CUY21CWy6cD065GkbAVjDJoai/Y=
  dependencies:
    css-select "~1.2.0"
    dom-serializer "~0.1.1"
    entities "~1.1.1"
    htmlparser2 "^3.9.1"
    lodash "^4.15.0"
    parse5 "^3.0.1"

color-convert@^1.9.0:
  version "1.9.3"
  resolved "https://registry.npm.taobao.org/color-convert/download/color-convert-1.9.3.tgz#bb71850690e1f136567de629d2d5471deda4c1e8"
  integrity sha1-u3GFBpDh8TZWfeYp0tVHHe2kweg=
  dependencies:
    color-name "1.1.3"

color-name@1.1.3:
  version "1.1.3"
  resolved "https://registry.npm.taobao.org/color-name/download/color-name-1.1.3.tgz#a7d0558bd89c42f795dd42328f740831ca53bc25"
  integrity sha1-p9BVi9icQveV3UIyj3QIMcpTvCU=

commander@^2.19.0:
  version "2.20.3"
  resolved "https://registry.npm.taobao.org/commander/download/commander-2.20.3.tgz?cache=0&sync_timestamp=1584148318639&other_urls=https%3A%2F%2Fregistry.npm.taobao.org%2Fcommander%2Fdownload%2Fcommander-2.20.3.tgz#fd485e84c03eb4881c20722ba48035e8531aeb33"
  integrity sha1-/UhehMA+tIgcIHIrpIA16FMa6zM=

css-color-keywords@^1.0.0:
  version "1.0.0"
  resolved "https://registry.npm.taobao.org/css-color-keywords/download/css-color-keywords-1.0.0.tgz#fea2616dc676b2962686b3af8dbdbe180b244e05"
  integrity sha1-/qJhbcZ2spYmhrOvjb2+GAskTgU=

css-select@~1.2.0:
  version "1.2.0"
  resolved "https://registry.npm.taobao.org/css-select/download/css-select-1.2.0.tgz#2b3a110539c5355f1cd8d314623e870b121ec858"
  integrity sha1-KzoRBTnFNV8c2NMUYj6HCxIeyFg=
  dependencies:
    boolbase "~1.0.0"
    css-what "2.1"
    domutils "1.5.1"
    nth-check "~1.0.1"

css-to-react-native@^3.0.0:
  version "3.0.0"
  resolved "https://registry.npm.taobao.org/css-to-react-native/download/css-to-react-native-3.0.0.tgz#62dbe678072a824a689bcfee011fc96e02a7d756"
  integrity sha1-YtvmeAcqgkpom8/uAR/JbgKn11Y=
  dependencies:
    camelize "^1.0.0"
    css-color-keywords "^1.0.0"
    postcss-value-parser "^4.0.2"

css-what@2.1:
  version "2.1.3"
  resolved "https://registry.npm.taobao.org/css-what/download/css-what-2.1.3.tgz#a6d7604573365fe74686c3f311c56513d88285f2"
  integrity sha1-ptdgRXM2X+dGhsPzEcVlE9iChfI=

csstype@^2.2.0:
  version "2.6.9"
  resolved "https://registry.npm.taobao.org/csstype/download/csstype-2.6.9.tgz?cache=0&sync_timestamp=1581661546865&other_urls=https%3A%2F%2Fregistry.npm.taobao.org%2Fcsstype%2Fdownload%2Fcsstype-2.6.9.tgz#05141d0cd557a56b8891394c1911c40c8a98d098"
  integrity sha1-BRQdDNVXpWuIkTlMGRHEDIqY0Jg=

csstype@^3.0.2:
  version "3.0.10"
  resolved "https://registry.npmjs.org/csstype/-/csstype-3.0.10.tgz#2ad3a7bed70f35b965707c092e5f30b327c290e5"
  integrity sha512-2u44ZG2OcNUO9HDp/Jl8C07x6pU/eTR3ncV91SiK3dhG9TWvRVsCoJw14Ckx5DgWkzGA3waZWO3d7pgqpUI/XA==

debug@^4.1.0:
  version "4.1.1"
  resolved "https://registry.npm.taobao.org/debug/download/debug-4.1.1.tgz#3b72260255109c6b589cee050f1d516139664791"
  integrity sha1-O3ImAlUQnGtYnO4FDx1RYTlmR5E=
  dependencies:
    ms "^2.1.1"

deepmerge@^3.2.0:
  version "3.3.0"
  resolved "https://registry.npm.taobao.org/deepmerge/download/deepmerge-3.3.0.tgz?cache=0&sync_timestamp=1572279812893&other_urls=https%3A%2F%2Fregistry.npm.taobao.org%2Fdeepmerge%2Fdownload%2Fdeepmerge-3.3.0.tgz#d3c47fd6f3a93d517b14426b0628a17b0125f5f7"
  integrity sha1-08R/1vOpPVF7FEJrBiihewEl9fc=

define-properties@^1.1.2, define-properties@^1.1.3:
  version "1.1.3"
  resolved "https://registry.npm.taobao.org/define-properties/download/define-properties-1.1.3.tgz#cf88da6cbee26fe6db7094f61d870cbd84cee9f1"
  integrity sha1-z4jabL7ib+bbcJT2HYcMvYTO6fE=
  dependencies:
    object-keys "^1.0.12"

discontinuous-range@1.0.0:
  version "1.0.0"
  resolved "https://registry.npm.taobao.org/discontinuous-range/download/discontinuous-range-1.0.0.tgz#e38331f0844bba49b9a9cb71c771585aab1bc65a"
  integrity sha1-44Mx8IRLukm5qctxx3FYWqsbxlo=

dom-serializer@0:
  version "0.2.2"
  resolved "https://registry.npm.taobao.org/dom-serializer/download/dom-serializer-0.2.2.tgz#1afb81f533717175d478655debc5e332d9f9bb51"
  integrity sha1-GvuB9TNxcXXUeGVd68XjMtn5u1E=
  dependencies:
    domelementtype "^2.0.1"
    entities "^2.0.0"

dom-serializer@~0.1.1:
  version "0.1.1"
  resolved "https://registry.npm.taobao.org/dom-serializer/download/dom-serializer-0.1.1.tgz#1ec4059e284babed36eec2941d4a970a189ce7c0"
  integrity sha1-HsQFnihLq+027sKUHUqXChic58A=
  dependencies:
    domelementtype "^1.3.0"
    entities "^1.1.1"

domelementtype@1, domelementtype@^1.3.0, domelementtype@^1.3.1:
  version "1.3.1"
  resolved "https://registry.npm.taobao.org/domelementtype/download/domelementtype-1.3.1.tgz#d048c44b37b0d10a7f2a3d5fee3f4333d790481f"
  integrity sha1-0EjESzew0Qp/Kj1f7j9DM9eQSB8=

domelementtype@^2.0.1:
  version "2.0.1"
  resolved "https://registry.npm.taobao.org/domelementtype/download/domelementtype-2.0.1.tgz#1f8bdfe91f5a78063274e803b4bdcedf6e94f94d"
  integrity sha1-H4vf6R9aeAYydOgDtL3O326U+U0=

domhandler@^2.3.0:
  version "2.4.2"
  resolved "https://registry.npm.taobao.org/domhandler/download/domhandler-2.4.2.tgz#8805097e933d65e85546f726d60f5eb88b44f803"
  integrity sha1-iAUJfpM9ZehVRvcm1g9euItE+AM=
  dependencies:
    domelementtype "1"

domutils@1.5.1:
  version "1.5.1"
  resolved "https://registry.npm.taobao.org/domutils/download/domutils-1.5.1.tgz#dcd8488a26f563d61079e48c9f7b7e32373682cf"
  integrity sha1-3NhIiib1Y9YQeeSMn3t+Mjc2gs8=
  dependencies:
    dom-serializer "0"
    domelementtype "1"

domutils@^1.5.1:
  version "1.7.0"
  resolved "https://registry.npm.taobao.org/domutils/download/domutils-1.7.0.tgz#56ea341e834e06e6748af7a1cb25da67ea9f8c2a"
  integrity sha1-Vuo0HoNOBuZ0ivehyyXaZ+qfjCo=
  dependencies:
    dom-serializer "0"
    domelementtype "1"

entities@^1.1.1, entities@~1.1.1:
  version "1.1.2"
  resolved "https://registry.npm.taobao.org/entities/download/entities-1.1.2.tgz#bdfa735299664dfafd34529ed4f8522a275fea56"
  integrity sha1-vfpzUplmTfr9NFKe1PhSKidf6lY=

entities@^2.0.0:
  version "2.0.0"
  resolved "https://registry.npm.taobao.org/entities/download/entities-2.0.0.tgz#68d6084cab1b079767540d80e56a39b423e4abf4"
  integrity sha1-aNYITKsbB5dnVA2A5Wo5tCPkq/Q=

enzyme-adapter-react-16@^1.15.2:
  version "1.15.2"
  resolved "https://registry.npm.taobao.org/enzyme-adapter-react-16/download/enzyme-adapter-react-16-1.15.2.tgz#b16db2f0ea424d58a808f9df86ab6212895a4501"
  integrity sha1-sW2y8OpCTVioCPnfhqtiEolaRQE=
  dependencies:
    enzyme-adapter-utils "^1.13.0"
    enzyme-shallow-equal "^1.0.1"
    has "^1.0.3"
    object.assign "^4.1.0"
    object.values "^1.1.1"
    prop-types "^15.7.2"
    react-is "^16.12.0"
    react-test-renderer "^16.0.0-0"
    semver "^5.7.0"

enzyme-adapter-utils@^1.13.0:
  version "1.13.0"
  resolved "https://registry.npm.taobao.org/enzyme-adapter-utils/download/enzyme-adapter-utils-1.13.0.tgz#01c885dde2114b4690bf741f8dc94cee3060eb78"
  integrity sha1-AciF3eIRS0aQv3QfjclM7jBg63g=
  dependencies:
    airbnb-prop-types "^2.15.0"
    function.prototype.name "^1.1.2"
    object.assign "^4.1.0"
    object.fromentries "^2.0.2"
    prop-types "^15.7.2"
    semver "^5.7.1"

enzyme-shallow-equal@^1.0.1:
  version "1.0.1"
  resolved "https://registry.npm.taobao.org/enzyme-shallow-equal/download/enzyme-shallow-equal-1.0.1.tgz#7afe03db3801c9b76de8440694096412a8d9d49e"
  integrity sha1-ev4D2zgBybdt6EQGlAlkEqjZ1J4=
  dependencies:
    has "^1.0.3"
    object-is "^1.0.2"

enzyme@^3.11.0:
  version "3.11.0"
  resolved "https://registry.npm.taobao.org/enzyme/download/enzyme-3.11.0.tgz#71d680c580fe9349f6f5ac6c775bc3e6b7a79c28"
  integrity sha1-cdaAxYD+k0n29axsd1vD5rennCg=
  dependencies:
    array.prototype.flat "^1.2.3"
    cheerio "^1.0.0-rc.3"
    enzyme-shallow-equal "^1.0.1"
    function.prototype.name "^1.1.2"
    has "^1.0.3"
    html-element-map "^1.2.0"
    is-boolean-object "^1.0.1"
    is-callable "^1.1.5"
    is-number-object "^1.0.4"
    is-regex "^1.0.5"
    is-string "^1.0.5"
    is-subset "^0.1.1"
    lodash.escape "^4.0.1"
    lodash.isequal "^4.5.0"
    object-inspect "^1.7.0"
    object-is "^1.0.2"
    object.assign "^4.1.0"
    object.entries "^1.1.1"
    object.values "^1.1.1"
    raf "^3.4.1"
    rst-selector-parser "^2.2.3"
    string.prototype.trim "^1.2.1"

es-abstract@^1.17.0-next.1, es-abstract@^1.17.4:
  version "1.17.5"
  resolved "https://registry.npm.taobao.org/es-abstract/download/es-abstract-1.17.5.tgz#d8c9d1d66c8981fb9200e2251d799eee92774ae9"
  integrity sha1-2MnR1myJgfuSAOIlHXme7pJ3Suk=
  dependencies:
    es-to-primitive "^1.2.1"
    function-bind "^1.1.1"
    has "^1.0.3"
    has-symbols "^1.0.1"
    is-callable "^1.1.5"
    is-regex "^1.0.5"
    object-inspect "^1.7.0"
    object-keys "^1.1.1"
    object.assign "^4.1.0"
    string.prototype.trimleft "^2.1.1"
    string.prototype.trimright "^2.1.1"

es-to-primitive@^1.2.1:
  version "1.2.1"
  resolved "https://registry.npm.taobao.org/es-to-primitive/download/es-to-primitive-1.2.1.tgz?cache=0&sync_timestamp=1573280919382&other_urls=https%3A%2F%2Fregistry.npm.taobao.org%2Fes-to-primitive%2Fdownload%2Fes-to-primitive-1.2.1.tgz#e55cd4c9cdc188bcefb03b366c736323fc5c898a"
  integrity sha1-5VzUyc3BiLzvsDs2bHNjI/xciYo=
  dependencies:
    is-callable "^1.1.4"
    is-date-object "^1.0.1"
    is-symbol "^1.0.2"

escape-string-regexp@^1.0.5:
  version "1.0.5"
  resolved "https://registry.npm.taobao.org/escape-string-regexp/download/escape-string-regexp-1.0.5.tgz#1b61c0562190a8dff6ae3bb2cf0200ca130b86d4"
  integrity sha1-G2HAViGQqN/2rjuyzwIAyhMLhtQ=

function-bind@^1.1.1:
  version "1.1.1"
  resolved "https://registry.npm.taobao.org/function-bind/download/function-bind-1.1.1.tgz#a56899d3ea3c9bab874bb9773b7c5ede92f4895d"
  integrity sha1-pWiZ0+o8m6uHS7l3O3xe3pL0iV0=

function.prototype.name@^1.1.1, function.prototype.name@^1.1.2:
  version "1.1.2"
  resolved "https://registry.npm.taobao.org/function.prototype.name/download/function.prototype.name-1.1.2.tgz#5cdf79d7c05db401591dfde83e3b70c5123e9a45"
  integrity sha1-XN9518BdtAFZHf3oPjtwxRI+mkU=
  dependencies:
    define-properties "^1.1.3"
    es-abstract "^1.17.0-next.1"
    functions-have-names "^1.2.0"

functions-have-names@^1.2.0:
  version "1.2.1"
  resolved "https://registry.npm.taobao.org/functions-have-names/download/functions-have-names-1.2.1.tgz#a981ac397fa0c9964551402cdc5533d7a4d52f91"
  integrity sha1-qYGsOX+gyZZFUUAs3FUz16TVL5E=

globals@^11.1.0:
  version "11.12.0"
  resolved "https://registry.npm.taobao.org/globals/download/globals-11.12.0.tgz#ab8795338868a0babd8525758018c2a7eb95c42e"
  integrity sha1-q4eVM4hooLq9hSV1gBjCp+uVxC4=

has-flag@^3.0.0:
  version "3.0.0"
  resolved "https://registry.npm.taobao.org/has-flag/download/has-flag-3.0.0.tgz#b5d454dc2199ae225699f3467e5a07f3b955bafd"
  integrity sha1-tdRU3CGZriJWmfNGfloH87lVuv0=

has-symbols@^1.0.0, has-symbols@^1.0.1:
  version "1.0.1"
  resolved "https://registry.npm.taobao.org/has-symbols/download/has-symbols-1.0.1.tgz#9f5214758a44196c406d9bd76cebf81ec2dd31e8"
  integrity sha1-n1IUdYpEGWxAbZvXbOv4HsLdMeg=

has@^1.0.3:
  version "1.0.3"
  resolved "https://registry.npm.taobao.org/has/download/has-1.0.3.tgz#722d7cbfc1f6aa8241f16dd814e011e1f41e8796"
  integrity sha1-ci18v8H2qoJB8W3YFOAR4fQeh5Y=
  dependencies:
    function-bind "^1.1.1"

hoist-non-react-statics@^3.0.0, hoist-non-react-statics@^3.3.0:
  version "3.3.2"
  resolved "https://registry.npm.taobao.org/hoist-non-react-statics/download/hoist-non-react-statics-3.3.2.tgz#ece0acaf71d62c2969c2ec59feff42a4b1a85b45"
  integrity sha1-7OCsr3HWLClpwuxZ/v9CpLGoW0U=
  dependencies:
    react-is "^16.7.0"

html-element-map@^1.2.0:
  version "1.2.0"
  resolved "https://registry.npm.taobao.org/html-element-map/download/html-element-map-1.2.0.tgz#dfbb09efe882806af63d990cf6db37993f099f22"
  integrity sha1-37sJ7+iCgGr2PZkM9ts3mT8JnyI=
  dependencies:
    array-filter "^1.0.0"

htmlparser2@^3.9.1:
  version "3.10.1"
  resolved "https://registry.npm.taobao.org/htmlparser2/download/htmlparser2-3.10.1.tgz#bd679dc3f59897b6a34bb10749c855bb53a9392f"
  integrity sha1-vWedw/WYl7ajS7EHSchVu1OpOS8=
  dependencies:
    domelementtype "^1.3.1"
    domhandler "^2.3.0"
    domutils "^1.5.1"
    entities "^1.1.1"
    inherits "^2.0.1"
    readable-stream "^3.1.1"

inherits@^2.0.1, inherits@^2.0.3:
  version "2.0.4"
  resolved "https://registry.npm.taobao.org/inherits/download/inherits-2.0.4.tgz#0fa2c64f932917c3433a0ded55363aae37416b7c"
  integrity sha1-D6LGT5MpF8NDOg3tVTY6rjdBa3w=

is-boolean-object@^1.0.1:
  version "1.0.1"
  resolved "https://registry.npm.taobao.org/is-boolean-object/download/is-boolean-object-1.0.1.tgz#10edc0900dd127697a92f6f9807c7617d68ac48e"
  integrity sha1-EO3AkA3RJ2l6kvb5gHx2F9aKxI4=

is-callable@^1.1.4, is-callable@^1.1.5:
  version "1.1.5"
  resolved "https://registry.npm.taobao.org/is-callable/download/is-callable-1.1.5.tgz#f7e46b596890456db74e7f6e976cb3273d06faab"
  integrity sha1-9+RrWWiQRW23Tn9ul2yzJz0G+qs=

is-date-object@^1.0.1:
  version "1.0.2"
  resolved "https://registry.npm.taobao.org/is-date-object/download/is-date-object-1.0.2.tgz#bda736f2cd8fd06d32844e7743bfa7494c3bfd7e"
  integrity sha1-vac28s2P0G0yhE53Q7+nSUw7/X4=

is-number-object@^1.0.4:
  version "1.0.4"
  resolved "https://registry.npm.taobao.org/is-number-object/download/is-number-object-1.0.4.tgz#36ac95e741cf18b283fc1ddf5e83da798e3ec197"
  integrity sha1-NqyV50HPGLKD/B3fXoPaeY4+wZc=

is-plain-object@^3.0.0:
  version "3.0.0"
  resolved "https://registry.npm.taobao.org/is-plain-object/download/is-plain-object-3.0.0.tgz#47bfc5da1b5d50d64110806c199359482e75a928"
  integrity sha1-R7/F2htdUNZBEIBsGZNZSC51qSg=
  dependencies:
    isobject "^4.0.0"

is-regex@^1.0.4, is-regex@^1.0.5:
  version "1.0.5"
  resolved "https://registry.npm.taobao.org/is-regex/download/is-regex-1.0.5.tgz#39d589a358bf18967f726967120b8fc1aed74eae"
  integrity sha1-OdWJo1i/GJZ/cmlnEguPwa7XTq4=
  dependencies:
    has "^1.0.3"

is-string@^1.0.5:
  version "1.0.5"
  resolved "https://registry.npm.taobao.org/is-string/download/is-string-1.0.5.tgz?cache=0&sync_timestamp=1576731668852&other_urls=https%3A%2F%2Fregistry.npm.taobao.org%2Fis-string%2Fdownload%2Fis-string-1.0.5.tgz#40493ed198ef3ff477b8c7f92f644ec82a5cd3a6"
  integrity sha1-QEk+0ZjvP/R3uMf5L2ROyCpc06Y=

is-subset@^0.1.1:
  version "0.1.1"
  resolved "https://registry.npm.taobao.org/is-subset/download/is-subset-0.1.1.tgz#8a59117d932de1de00f245fcdd39ce43f1e939a6"
  integrity sha1-ilkRfZMt4d4A8kX83TnOQ/HpOaY=

is-symbol@^1.0.2:
  version "1.0.3"
  resolved "https://registry.npm.taobao.org/is-symbol/download/is-symbol-1.0.3.tgz?cache=0&sync_timestamp=1574296387814&other_urls=https%3A%2F%2Fregistry.npm.taobao.org%2Fis-symbol%2Fdownload%2Fis-symbol-1.0.3.tgz#38e1014b9e6329be0de9d24a414fd7441ec61937"
  integrity sha1-OOEBS55jKb4N6dJKQU/XRB7GGTc=
  dependencies:
    has-symbols "^1.0.1"

isobject@^4.0.0:
  version "4.0.0"
  resolved "https://registry.npm.taobao.org/isobject/download/isobject-4.0.0.tgz#3f1c9155e73b192022a80819bacd0343711697b0"
  integrity sha1-PxyRVec7GSAiqAgZus0DQ3EWl7A=

"js-tokens@^3.0.0 || ^4.0.0", js-tokens@^4.0.0:
  version "4.0.0"
  resolved "https://registry.npm.taobao.org/js-tokens/download/js-tokens-4.0.0.tgz#19203fb59991df98e3a287050d4647cdeaf32499"
  integrity sha1-GSA/tZmR35jjoocFDUZHzerzJJk=

jsesc@^2.5.1:
  version "2.5.2"
  resolved "https://registry.npm.taobao.org/jsesc/download/jsesc-2.5.2.tgz#80564d2e483dacf6e8ef209650a67df3f0c283a4"
  integrity sha1-gFZNLkg9rPbo7yCWUKZ98/DCg6Q=

lodash.escape@^4.0.1:
  version "4.0.1"
  resolved "https://registry.npm.taobao.org/lodash.escape/download/lodash.escape-4.0.1.tgz#c9044690c21e04294beaa517712fded1fa88de98"
  integrity sha1-yQRGkMIeBClL6qUXcS/e0fqI3pg=

lodash.flattendeep@^4.4.0:
  version "4.4.0"
  resolved "https://registry.npm.taobao.org/lodash.flattendeep/download/lodash.flattendeep-4.4.0.tgz#fb030917f86a3134e5bc9bec0d69e0013ddfedb2"
  integrity sha1-+wMJF/hqMTTlvJvsDWngAT3f7bI=

lodash.isequal@^4.5.0:
  version "4.5.0"
  resolved "https://registry.npm.taobao.org/lodash.isequal/download/lodash.isequal-4.5.0.tgz#415c4478f2bcc30120c22ce10ed3226f7d3e18e0"
  integrity sha1-QVxEePK8wwEgwizhDtMib30+GOA=

lodash@^4.15.0, lodash@^4.17.11, lodash@^4.17.13:
  version "4.17.15"
  resolved "https://registry.npm.taobao.org/lodash/download/lodash-4.17.15.tgz?cache=0&sync_timestamp=1569522001300&other_urls=https%3A%2F%2Fregistry.npm.taobao.org%2Flodash%2Fdownload%2Flodash-4.17.15.tgz#b447f6670a0455bbfeedd11392eff330ea097548"
  integrity sha1-tEf2ZwoEVbv+7dETku/zMOoJdUg=

loose-envify@^1.1.0, loose-envify@^1.4.0:
  version "1.4.0"
  resolved "https://registry.npm.taobao.org/loose-envify/download/loose-envify-1.4.0.tgz#71ee51fa7be4caec1a63839f7e682d8132d30caf"
  integrity sha1-ce5R+nvkyuwaY4OffmgtgTLTDK8=
  dependencies:
    js-tokens "^3.0.0 || ^4.0.0"

moo@^0.5.0:
  version "0.5.1"
  resolved "https://registry.npm.taobao.org/moo/download/moo-0.5.1.tgz#7aae7f384b9b09f620b6abf6f74ebbcd1b65dbc4"
  integrity sha1-eq5/OEubCfYgtqv29067zRtl28Q=

ms@^2.1.1:
  version "2.1.2"
  resolved "https://registry.npm.taobao.org/ms/download/ms-2.1.2.tgz#d09d1f357b443f493382a8eb3ccd183872ae6009"
  integrity sha1-0J0fNXtEP0kzgqjrPM0YOHKuYAk=

nearley@^2.7.10:
  version "2.19.1"
  resolved "https://registry.npm.taobao.org/nearley/download/nearley-2.19.1.tgz#4af4006e16645ff800e9f993c3af039857d9dbdc"
  integrity sha1-SvQAbhZkX/gA6fmTw68DmFfZ29w=
  dependencies:
    commander "^2.19.0"
    moo "^0.5.0"
    railroad-diagrams "^1.0.0"
    randexp "0.4.6"
    semver "^5.4.1"

nth-check@~1.0.1:
  version "1.0.2"
  resolved "https://registry.npm.taobao.org/nth-check/download/nth-check-1.0.2.tgz#b2bd295c37e3dd58a3bf0700376663ba4d9cf05c"
  integrity sha1-sr0pXDfj3VijvwcAN2Zjuk2c8Fw=
  dependencies:
    boolbase "~1.0.0"

object-assign@^4.1.1:
  version "4.1.1"
  resolved "https://registry.npm.taobao.org/object-assign/download/object-assign-4.1.1.tgz#2109adc7965887cfc05cbbd442cac8bfbb360863"
  integrity sha1-IQmtx5ZYh8/AXLvUQsrIv7s2CGM=

object-inspect@^1.7.0:
  version "1.7.0"
  resolved "https://registry.npm.taobao.org/object-inspect/download/object-inspect-1.7.0.tgz#f4f6bd181ad77f006b5ece60bd0b6f398ff74a67"
  integrity sha1-9Pa9GBrXfwBrXs5gvQtvOY/3Smc=

object-is@^1.0.1, object-is@^1.0.2:
  version "1.0.2"
  resolved "https://registry.npm.taobao.org/object-is/download/object-is-1.0.2.tgz?cache=0&other_urls=https%3A%2F%2Fregistry.npm.taobao.org%2Fobject-is%2Fdownload%2Fobject-is-1.0.2.tgz#6b80eb84fe451498f65007982f035a5b445edec4"
  integrity sha1-a4DrhP5FFJj2UAeYLwNaW0Re3sQ=

object-keys@^1.0.11, object-keys@^1.0.12, object-keys@^1.1.1:
  version "1.1.1"
  resolved "https://registry.npm.taobao.org/object-keys/download/object-keys-1.1.1.tgz#1c47f272df277f3b1daf061677d9c82e2322c60e"
  integrity sha1-HEfyct8nfzsdrwYWd9nILiMixg4=

object.assign@^4.1.0:
  version "4.1.0"
  resolved "https://registry.npm.taobao.org/object.assign/download/object.assign-4.1.0.tgz#968bf1100d7956bb3ca086f006f846b3bc4008da"
  integrity sha1-lovxEA15Vrs8oIbwBvhGs7xACNo=
  dependencies:
    define-properties "^1.1.2"
    function-bind "^1.1.1"
    has-symbols "^1.0.0"
    object-keys "^1.0.11"

object.entries@^1.1.0, object.entries@^1.1.1:
  version "1.1.1"
  resolved "https://registry.npm.taobao.org/object.entries/download/object.entries-1.1.1.tgz#ee1cf04153de02bb093fec33683900f57ce5399b"
  integrity sha1-7hzwQVPeArsJP+wzaDkA9XzlOZs=
  dependencies:
    define-properties "^1.1.3"
    es-abstract "^1.17.0-next.1"
    function-bind "^1.1.1"
    has "^1.0.3"

object.fromentries@^2.0.2:
  version "2.0.2"
  resolved "https://registry.npm.taobao.org/object.fromentries/download/object.fromentries-2.0.2.tgz#4a09c9b9bb3843dd0f89acdb517a794d4f355ac9"
  integrity sha1-SgnJubs4Q90PiazbUXp5TU81Wsk=
  dependencies:
    define-properties "^1.1.3"
    es-abstract "^1.17.0-next.1"
    function-bind "^1.1.1"
    has "^1.0.3"

object.values@^1.1.1:
  version "1.1.1"
  resolved "https://registry.npm.taobao.org/object.values/download/object.values-1.1.1.tgz#68a99ecde356b7e9295a3c5e0ce31dc8c953de5e"
  integrity sha1-aKmezeNWt+kpWjxeDOMdyMlT3l4=
  dependencies:
    define-properties "^1.1.3"
    es-abstract "^1.17.0-next.1"
    function-bind "^1.1.1"
    has "^1.0.3"

parse5@^3.0.1:
  version "3.0.3"
  resolved "https://registry.npm.taobao.org/parse5/download/parse5-3.0.3.tgz#042f792ffdd36851551cf4e9e066b3874ab45b5c"
  integrity sha1-BC95L/3TaFFVHPTp4Gazh0q0W1w=
  dependencies:
    "@types/node" "*"

performance-now@^2.1.0:
  version "2.1.0"
  resolved "https://registry.npm.taobao.org/performance-now/download/performance-now-2.1.0.tgz#6309f4e0e5fa913ec1c69307ae364b4b377c9e7b"
  integrity sha1-Ywn04OX6kT7BxpMHrjZLSzd8nns=

postcss-value-parser@^4.0.2:
  version "4.0.3"
  resolved "https://registry.npm.taobao.org/postcss-value-parser/download/postcss-value-parser-4.0.3.tgz#651ff4593aa9eda8d5d0d66593a2417aeaeb325d"
  integrity sha1-ZR/0WTqp7ajV0NZlk6JBeurrMl0=

prop-types-exact@^1.2.0:
  version "1.2.0"
  resolved "https://registry.npm.taobao.org/prop-types-exact/download/prop-types-exact-1.2.0.tgz#825d6be46094663848237e3925a98c6e944e9869"
  integrity sha1-gl1r5GCUZjhII345JamMbpROmGk=
  dependencies:
    has "^1.0.3"
    object.assign "^4.1.0"
    reflect.ownkeys "^0.2.0"

prop-types@^15.6.2, prop-types@^15.7.2:
  version "15.7.2"
  resolved "https://registry.npm.taobao.org/prop-types/download/prop-types-15.7.2.tgz#52c41e75b8c87e72b9d9360e0206b99dcbffa6c5"
  integrity sha1-UsQedbjIfnK52TYOAga5ncv/psU=
  dependencies:
    loose-envify "^1.4.0"
    object-assign "^4.1.1"
    react-is "^16.8.1"

raf@^3.4.1:
  version "3.4.1"
  resolved "https://registry.npm.taobao.org/raf/download/raf-3.4.1.tgz#0742e99a4a6552f445d73e3ee0328af0ff1ede39"
  integrity sha1-B0LpmkplUvRF1z4+4DKK8P8e3jk=
  dependencies:
    performance-now "^2.1.0"

railroad-diagrams@^1.0.0:
  version "1.0.0"
  resolved "https://registry.npm.taobao.org/railroad-diagrams/download/railroad-diagrams-1.0.0.tgz#eb7e6267548ddedfb899c1b90e57374559cddb7e"
  integrity sha1-635iZ1SN3t+4mcG5Dlc3RVnN234=

randexp@0.4.6:
  version "0.4.6"
  resolved "https://registry.npm.taobao.org/randexp/download/randexp-0.4.6.tgz#e986ad5e5e31dae13ddd6f7b3019aa7c87f60ca3"
  integrity sha1-6YatXl4x2uE93W97MBmqfIf2DKM=
  dependencies:
    discontinuous-range "1.0.0"
    ret "~0.1.10"

react-dom@^16.13.1:
  version "16.13.1"
  resolved "https://registry.npm.taobao.org/react-dom/download/react-dom-16.13.1.tgz#c1bd37331a0486c078ee54c4740720993b2e0e7f"
  integrity sha1-wb03MxoEhsB47lTEdAcgmTsuDn8=
  dependencies:
    loose-envify "^1.1.0"
    object-assign "^4.1.1"
    prop-types "^15.6.2"
    scheduler "^0.19.1"

react-is@^16.12.0, react-is@^16.7.0, react-is@^16.8.1, react-is@^16.8.6, react-is@^16.9.0:
  version "16.13.1"
  resolved "https://registry.npm.taobao.org/react-is/download/react-is-16.13.1.tgz#789729a4dc36de2999dc156dd6c1d9c18cea56a4"
  integrity sha1-eJcppNw23imZ3BVt1sHZwYzqVqQ=

react-test-renderer@^16.0.0-0:
  version "16.13.1"
  resolved "https://registry.npm.taobao.org/react-test-renderer/download/react-test-renderer-16.13.1.tgz#de25ea358d9012606de51e012d9742e7f0deabc1"
  integrity sha1-3iXqNY2QEmBt5R4BLZdC5/Deq8E=
  dependencies:
    object-assign "^4.1.1"
    prop-types "^15.6.2"
    react-is "^16.8.6"
    scheduler "^0.19.1"

react@^16.13.1:
  version "16.13.1"
  resolved "https://registry.npm.taobao.org/react/download/react-16.13.1.tgz#2e818822f1a9743122c063d6410d85c1e3afe48e"
  integrity sha1-LoGIIvGpdDEiwGPWQQ2FweOv5I4=
  dependencies:
    loose-envify "^1.1.0"
    object-assign "^4.1.1"
    prop-types "^15.6.2"

readable-stream@^3.1.1:
  version "3.6.0"
  resolved "https://registry.npm.taobao.org/readable-stream/download/readable-stream-3.6.0.tgz#337bbda3adc0706bd3e024426a286d4b4b2c9198"
  integrity sha1-M3u9o63AcGvT4CRCaihtS0sskZg=
  dependencies:
    inherits "^2.0.3"
    string_decoder "^1.1.1"
    util-deprecate "^1.0.1"

reflect.ownkeys@^0.2.0:
  version "0.2.0"
  resolved "https://registry.npm.taobao.org/reflect.ownkeys/download/reflect.ownkeys-0.2.0.tgz?cache=0&sync_timestamp=1580545860264&other_urls=https%3A%2F%2Fregistry.npm.taobao.org%2Freflect.ownkeys%2Fdownload%2Freflect.ownkeys-0.2.0.tgz#749aceec7f3fdf8b63f927a04809e90c5c0b3460"
  integrity sha1-dJrO7H8/34tj+SegSAnpDFwLNGA=

regenerator-runtime@^0.13.2:
  version "0.13.2"
  resolved "https://registry.npm.taobao.org/regenerator-runtime/download/regenerator-runtime-0.13.2.tgz?cache=0&other_urls=https%3A%2F%2Fregistry.npm.taobao.org%2Fregenerator-runtime%2Fdownload%2Fregenerator-runtime-0.13.2.tgz#32e59c9a6fb9b1a4aff09b4930ca2d4477343447"
  integrity sha1-MuWcmm+5saSv8JtJMMotRHc0NEc=

ret@~0.1.10:
  version "0.1.15"
  resolved "https://registry.npm.taobao.org/ret/download/ret-0.1.15.tgz#b8a4825d5bdb1fc3f6f53c2bc33f81388681c7bc"
  integrity sha1-uKSCXVvbH8P29Twrwz+BOIaBx7w=

rst-selector-parser@^2.2.3:
  version "2.2.3"
  resolved "https://registry.npm.taobao.org/rst-selector-parser/download/rst-selector-parser-2.2.3.tgz#81b230ea2fcc6066c89e3472de794285d9b03d91"
  integrity sha1-gbIw6i/MYGbInjRy3nlChdmwPZE=
  dependencies:
    lodash.flattendeep "^4.4.0"
    nearley "^2.7.10"

safe-buffer@~5.2.0:
  version "5.2.0"
  resolved "https://registry.npm.taobao.org/safe-buffer/download/safe-buffer-5.2.0.tgz#b74daec49b1148f88c64b68d49b1e815c1f2f519"
  integrity sha1-t02uxJsRSPiMZLaNSbHoFcHy9Rk=

scheduler@^0.19.1:
  version "0.19.1"
  resolved "https://registry.npm.taobao.org/scheduler/download/scheduler-0.19.1.tgz#4f3e2ed2c1a7d65681f4c854fa8c5a1ccb40f196"
  integrity sha1-Tz4u0sGn1laB9MhU+oxaHMtA8ZY=
  dependencies:
    loose-envify "^1.1.0"
    object-assign "^4.1.1"

semver@^5.4.1, semver@^5.7.0, semver@^5.7.1:
  version "5.7.1"
  resolved "https://registry.npm.taobao.org/semver/download/semver-5.7.1.tgz?cache=0&sync_timestamp=1581458265183&other_urls=https%3A%2F%2Fregistry.npm.taobao.org%2Fsemver%2Fdownload%2Fsemver-5.7.1.tgz#a954f931aeba508d307bbf069eff0c01c96116f7"
  integrity sha1-qVT5Ma66UI0we78Gnv8MAclhFvc=

shallowequal@^1.1.0:
  version "1.1.0"
  resolved "https://registry.npm.taobao.org/shallowequal/download/shallowequal-1.1.0.tgz#188d521de95b9087404fd4dcb68b13df0ae4e7f8"
  integrity sha1-GI1SHelbkIdAT9TctosT3wrk5/g=

source-map@^0.5.0:
  version "0.5.7"
  resolved "https://registry.npm.taobao.org/source-map/download/source-map-0.5.7.tgz#8a039d2d1021d22d1ea14c80d8ea468ba2ef3fcc"
  integrity sha1-igOdLRAh0i0eoUyA2OpGi6LvP8w=

string.prototype.trim@^1.2.1:
  version "1.2.1"
  resolved "https://registry.npm.taobao.org/string.prototype.trim/download/string.prototype.trim-1.2.1.tgz#141233dff32c82bfad80684d7e5f0869ee0fb782"
  integrity sha1-FBIz3/Msgr+tgGhNfl8Iae4Pt4I=
  dependencies:
    define-properties "^1.1.3"
    es-abstract "^1.17.0-next.1"
    function-bind "^1.1.1"

string.prototype.trimleft@^2.1.1:
  version "2.1.1"
  resolved "https://registry.npm.taobao.org/string.prototype.trimleft/download/string.prototype.trimleft-2.1.1.tgz#9bdb8ac6abd6d602b17a4ed321870d2f8dcefc74"
  integrity sha1-m9uKxqvW1gKxek7TIYcNL43O/HQ=
  dependencies:
    define-properties "^1.1.3"
    function-bind "^1.1.1"

string.prototype.trimright@^2.1.1:
  version "2.1.1"
  resolved "https://registry.npm.taobao.org/string.prototype.trimright/download/string.prototype.trimright-2.1.1.tgz#440314b15996c866ce8a0341894d45186200c5d9"
  integrity sha1-RAMUsVmWyGbOigNBiU1FGGIAxdk=
  dependencies:
    define-properties "^1.1.3"
    function-bind "^1.1.1"

string_decoder@^1.1.1:
  version "1.3.0"
  resolved "https://registry.npm.taobao.org/string_decoder/download/string_decoder-1.3.0.tgz#42f114594a46cf1a8e30b0a84f56c78c3edac21e"
  integrity sha1-QvEUWUpGzxqOMLCoT1bHjD7awh4=
  dependencies:
    safe-buffer "~5.2.0"

styled-components@^5.0.1:
  version "5.0.1"
  resolved "https://registry.npm.taobao.org/styled-components/download/styled-components-5.0.1.tgz#57782a6471031abefb2db5820a1876ae853bc619"
  integrity sha1-V3gqZHEDGr77LbWCChh2roU7xhk=
  dependencies:
    "@babel/helper-module-imports" "^7.0.0"
    "@babel/traverse" "^7.4.5"
    "@emotion/is-prop-valid" "^0.8.3"
    "@emotion/stylis" "^0.8.4"
    "@emotion/unitless" "^0.7.4"
    babel-plugin-styled-components ">= 1"
    css-to-react-native "^3.0.0"
    hoist-non-react-statics "^3.0.0"
    shallowequal "^1.1.0"
    supports-color "^5.5.0"

supports-color@^5.3.0, supports-color@^5.5.0:
  version "5.5.0"
  resolved "https://registry.npm.taobao.org/supports-color/download/supports-color-5.5.0.tgz?cache=0&other_urls=https%3A%2F%2Fregistry.npm.taobao.org%2Fsupports-color%2Fdownload%2Fsupports-color-5.5.0.tgz#e2e69a44ac8772f78a1ec0b35b689df6530efc8f"
  integrity sha1-4uaaRKyHcveKHsCzW2id9lMO/I8=
  dependencies:
    has-flag "^3.0.0"

to-fast-properties@^2.0.0:
  version "2.0.0"
  resolved "https://registry.npm.taobao.org/to-fast-properties/download/to-fast-properties-2.0.0.tgz?cache=0&sync_timestamp=1580550747747&other_urls=https%3A%2F%2Fregistry.npm.taobao.org%2Fto-fast-properties%2Fdownload%2Fto-fast-properties-2.0.0.tgz#dc5e698cbd079265bc73e0377681a4e4e83f616e"
  integrity sha1-3F5pjL0HkmW8c+A3doGk5Og/YW4=

tslib@2.3.1:
  version "2.3.1"
  resolved "https://registry.npmjs.org/tslib/-/tslib-2.3.1.tgz#e8a335add5ceae51aa261d32a490158ef042ef01"
  integrity sha512-77EbyPPpMz+FRFRuAFlWMtmgUWGe9UOG2Z25NqCwiIjRhOf5iKGuzSe5P2w1laq+FkRy4p+PCuVkJSGkzTEKVw==

tslib@^1.11.1:
  version "1.11.1"
  resolved "https://registry.npm.taobao.org/tslib/download/tslib-1.11.1.tgz#eb15d128827fbee2841549e171f45ed338ac7e35"
  integrity sha1-6xXRKIJ/vuKEFUnhcfRe0zisfjU=

util-deprecate@^1.0.1:
  version "1.0.2"
  resolved "https://registry.npm.taobao.org/util-deprecate/download/util-deprecate-1.0.2.tgz#450d4dc9fa70de732762fbd2d4a28981419a0ccf"
  integrity sha1-RQ1Nyfpw3nMnYvvS1KKJgUGaDM8=
