# THIS IS AN AUTOGENERATED FILE. DO NOT EDIT THIS FILE DIRECTLY.
# yarn lockfile v1


"@lugia/array-utils@^1.0.9":
  version "1.0.9"
  resolved "https://registry.npmjs.org/@lugia/array-utils/-/array-utils-1.0.9.tgz#5857e447e43a67afa0a3c0f77c4744866b5eea89"
  integrity sha512-cyG+qcJODSH7+lxAlVsEi5Ua9TPE9SpcT41E2AzYAvb1+Px7Hy8fLw6Oj6dPBPa3c5octFZJQHXERrnLNKkSTg==
  dependencies:
    tslib "^1.11.1"

"@lugia/lugia-grid-types@^1.0.1":
  version "1.0.1"
  resolved "https://registry.npmjs.org/@lugia/lugia-grid-types/-/lugia-grid-types-1.0.1.tgz#9246ffbd6dad15991a77a493e623383fbddaa43c"
  integrity sha512-3a8vbKhmXuVsuBd4mj0LPtSfHloRYERUdR4CT+eJ0n1kaCdSuuelXL5mc2trr2t7wvn98do3yOu3CYfSXViTVw==

"@lugia/math@^1.0.11":
  version "1.0.11"
  resolved "https://registry.npmjs.org/@lugia/math/-/math-1.0.11.tgz#eada296e649d1a1f87cd9c053792ec515d885ee5"
  integrity sha512-qREZVh1EtL+g/ThOXUuhhW0dDhg9CF6ztYkgYtZukFILmCOSb7Jy7ceJwapa+AR5kfsJbjhxQ65aPmReY6oaPw==
  dependencies:
    tslib "^1.11.1"

tslib@^1.11.1:
  version "1.14.1"
  resolved "https://registry.npmjs.org/tslib/-/tslib-1.14.1.tgz#cf2d38bdc34a134bcaf1091c41f6619e2f672d00"
  integrity sha512-Xni35NKzjgMrwevysHTCArtLDpPvye8zV/0E4EyYn43P7/7qvQwPh9BGkHewbMulVntbigmcT7rdX3BNo9wRJg==
