# THIS IS AN AUTOGENERATED FILE. DO NOT EDIT THIS FILE DIRECTLY.
# yarn lockfile v1


"@lugia/array-utils@^1.0.10":
  version "1.0.10"
  resolved "https://registry.npmjs.org/@lugia/array-utils/-/array-utils-1.0.10.tgz#5e9c7611d33c19873e4f8ae5de830d98d0a9a9aa"
  integrity sha512-0NDYG9GDo6hwC4NEq+zgMzpnYUDJsNr3tDtoUllhHy8e0qujOD+T/hpqHs7OQ/MhB3z3sZBvAMYmgCSv3LkvQQ==
  dependencies:
    tslib "2.3.1"

"@lugia/lugia-grid-types@^1.0.3":
  version "1.0.3"
  resolved "https://registry.npmjs.org/@lugia/lugia-grid-types/-/lugia-grid-types-1.0.3.tgz#49ab85055599c3797427ff50a491691afed66364"
  integrity sha512-ntyUizMtaJPEw42+b+1BR5cmwdw7l8FnsrkVhzqYq8aArLG9Owj4ch6tVr/jdR5n9aYl1qbMHQpFkO7puln+7Q==

"@lugia/math@^1.0.12":
  version "1.0.12"
  resolved "https://registry.npmjs.org/@lugia/math/-/math-1.0.12.tgz#4c75a1cb06b0dc6ff9ad6063ea85d8d5b15873c2"
  integrity sha512-aJ1YNOOxlZjV3nIqIRQoGaVG8DWonWc4htTjq7Cr4XiGOkuw5i3SfLTDNOGYc6OLNybqCNmAOJlf7jzZawUB0Q==
  dependencies:
    tslib "2.3.1"

tslib@2.3.1:
  version "2.3.1"
  resolved "https://registry.npmjs.org/tslib/-/tslib-2.3.1.tgz#e8a335add5ceae51aa261d32a490158ef042ef01"
  integrity sha512-77EbyPPpMz+FRFRuAFlWMtmgUWGe9UOG2Z25NqCwiIjRhOf5iKGuzSe5P2w1laq+FkRy4p+PCuVkJSGkzTEKVw==
