# THIS IS AN AUTOGENERATED FILE. DO NOT EDIT THIS FILE DIRECTLY.
# yarn lockfile v1


"@babel/runtime@^7.4.5":
  version "7.4.5"
  resolved "https://registry.npm.taobao.org/@babel/runtime/download/@babel/runtime-7.4.5.tgz?cache=0&other_urls=https%3A%2F%2Fregistry.npm.taobao.org%2F%40babel%2Fruntime%2Fdownload%2F%40babel%2Fruntime-7.4.5.tgz#582bb531f5f9dc67d2fcb682979894f75e253f12"
  integrity sha1-WCu1MfX53GfS/LaCl5iU914lPxI=
  dependencies:
    regenerator-runtime "^0.13.2"

"@lugia/object-utils@^1.0.3-alpha.0":
  version "1.0.3-alpha.0"
  resolved "http://192.168.102.79:5001/@lugia/object-utils/download/@lugia/object-utils-1.0.3-alpha.0.tgz#90cb1faf46bfd1dd36ca9c43bbfb2d1c856f7271"
  integrity sha1-kMsfr0a/0d02ypxDu/stHIVvcnE=
  dependencies:
    "@babel/runtime" "^7.4.5"
    deepmerge "^3.2.0"

"@lugia/theme-core@^1.0.3-alpha.0":
  version "1.0.3-alpha.0"
  resolved "http://192.168.102.79:5001/@lugia/theme-core/download/@lugia/theme-core-1.0.3-alpha.0.tgz#7094a01d243623af2c3f4bfcd2a3d926f9b765e8"
  integrity sha1-cJSgHSQ2I68sP0v80qPZJvm3Zeg=
  dependencies:
    "@babel/runtime" "^7.4.5"
    "@lugia/object-utils" "^1.0.3-alpha.0"

deepmerge@^3.2.0:
  version "3.2.0"
  resolved "https://registry.npm.taobao.org/deepmerge/download/deepmerge-3.2.0.tgz#58ef463a57c08d376547f8869fdc5bcee957f44e"
  integrity sha1-WO9GOlfAjTdlR/iGn9xbzulX9E4=

"js-tokens@^3.0.0 || ^4.0.0":
  version "4.0.0"
  resolved "https://registry.npm.taobao.org/js-tokens/download/js-tokens-4.0.0.tgz#19203fb59991df98e3a287050d4647cdeaf32499"
  integrity sha1-GSA/tZmR35jjoocFDUZHzerzJJk=

loose-envify@^1.4.0:
  version "1.4.0"
  resolved "https://registry.npm.taobao.org/loose-envify/download/loose-envify-1.4.0.tgz#71ee51fa7be4caec1a63839f7e682d8132d30caf"
  integrity sha1-ce5R+nvkyuwaY4OffmgtgTLTDK8=
  dependencies:
    js-tokens "^3.0.0 || ^4.0.0"

object-assign@^4.1.1:
  version "4.1.1"
  resolved "https://registry.npm.taobao.org/object-assign/download/object-assign-4.1.1.tgz#2109adc7965887cfc05cbbd442cac8bfbb360863"
  integrity sha1-IQmtx5ZYh8/AXLvUQsrIv7s2CGM=

prop-types@^15.7.2:
  version "15.7.2"
  resolved "https://registry.npm.taobao.org/prop-types/download/prop-types-15.7.2.tgz#52c41e75b8c87e72b9d9360e0206b99dcbffa6c5"
  integrity sha1-UsQedbjIfnK52TYOAga5ncv/psU=
  dependencies:
    loose-envify "^1.4.0"
    object-assign "^4.1.1"
    react-is "^16.8.1"

react-is@^16.8.1:
  version "16.8.6"
  resolved "https://registry.npm.taobao.org/react-is/download/react-is-16.8.6.tgz#5bbc1e2d29141c9fbdfed456343fe2bc430a6a16"
  integrity sha1-W7weLSkUHJ+9/tRWND/ivEMKahY=

regenerator-runtime@^0.13.2:
  version "0.13.2"
  resolved "https://registry.npm.taobao.org/regenerator-runtime/download/regenerator-runtime-0.13.2.tgz?cache=0&other_urls=https%3A%2F%2Fregistry.npm.taobao.org%2Fregenerator-runtime%2Fdownload%2Fregenerator-runtime-0.13.2.tgz#32e59c9a6fb9b1a4aff09b4930ca2d4477343447"
  integrity sha1-MuWcmm+5saSv8JtJMMotRHc0NEc=
