# THIS IS AN AUTOGENERATED FILE. DO NOT EDIT THIS FILE DIRECTLY.
# yarn lockfile v1


"@babel/runtime-corejs2@^7.2.0":
  version "7.4.5"
  resolved "https://registry.npm.taobao.org/@babel/runtime-corejs2/download/@babel/runtime-corejs2-7.4.5.tgz?cache=0&other_urls=https%3A%2F%2Fregistry.npm.taobao.org%2F%40babel%2Fruntime-corejs2%2Fdownload%2F%40babel%2Fruntime-corejs2-7.4.5.tgz#3d892f0560df21bafb384dd7727e33853e95d3c9"
  integrity sha1-PYkvBWDfIbr7OE3Xcn4zhT6V08k=
  dependencies:
    core-js "^2.6.5"
    regenerator-runtime "^0.13.2"

"@babel/runtime@^7.4.5":
  version "7.4.5"
  resolved "https://registry.npm.taobao.org/@babel/runtime/download/@babel/runtime-7.4.5.tgz?cache=0&other_urls=https%3A%2F%2Fregistry.npm.taobao.org%2F%40babel%2Fruntime%2Fdownload%2F%40babel%2Fruntime-7.4.5.tgz#582bb531f5f9dc67d2fcb682979894f75e253f12"
  integrity sha1-WCu1MfX53GfS/LaCl5iU914lPxI=
  dependencies:
    regenerator-runtime "^0.13.2"

core-js@^2.6.5:
  version "2.6.9"
  resolved "https://registry.npm.taobao.org/core-js/download/core-js-2.6.9.tgz?cache=0&other_urls=https%3A%2F%2Fregistry.npm.taobao.org%2Fcore-js%2Fdownload%2Fcore-js-2.6.9.tgz#6b4b214620c834152e179323727fc19741b084f2"
  integrity sha1-a0shRiDINBUuF5Mjcn/Bl0GwhPI=

decamelize@^3.2.0:
  version "3.2.0"
  resolved "https://registry.npm.taobao.org/decamelize/download/decamelize-3.2.0.tgz#84b8e8f4f8c579f938e35e2cc7024907e0090851"
  integrity sha1-hLjo9PjFefk4414sxwJJB+AJCFE=
  dependencies:
    xregexp "^4.2.4"

regenerator-runtime@^0.13.2:
  version "0.13.2"
  resolved "https://registry.npm.taobao.org/regenerator-runtime/download/regenerator-runtime-0.13.2.tgz?cache=0&other_urls=https%3A%2F%2Fregistry.npm.taobao.org%2Fregenerator-runtime%2Fdownload%2Fregenerator-runtime-0.13.2.tgz#32e59c9a6fb9b1a4aff09b4930ca2d4477343447"
  integrity sha1-MuWcmm+5saSv8JtJMMotRHc0NEc=

xregexp@^4.2.4:
  version "4.2.4"
  resolved "https://registry.npm.taobao.org/xregexp/download/xregexp-4.2.4.tgz#02a4aea056d65a42632c02f0233eab8e4d7e57ed"
  integrity sha1-AqSuoFbWWkJjLALwIz6rjk1+V+0=
  dependencies:
    "@babel/runtime-corejs2" "^7.2.0"
