# THIS IS AN AUTOGENERATED FILE. DO NOT EDIT THIS FILE DIRECTLY.
# yarn lockfile v1


"@babel/runtime@^7.4.5":
  version "7.4.5"
  resolved "https://registry.npm.taobao.org/@babel/runtime/download/@babel/runtime-7.4.5.tgz?cache=0&other_urls=https%3A%2F%2Fregistry.npm.taobao.org%2F%40babel%2Fruntime%2Fdownload%2F%40babel%2Fruntime-7.4.5.tgz#582bb531f5f9dc67d2fcb682979894f75e253f12"
  integrity sha1-WCu1MfX53GfS/LaCl5iU914lPxI=
  dependencies:
    regenerator-runtime "^0.13.2"

"@lugia/css@^1.0.20":
  version "1.0.20"
  resolved "https://registry.npm.taobao.org/@lugia/css/download/@lugia/css-1.0.20.tgz#85ccfbf812e61eb90678ddc129fe51f43dfbf3d6"
  integrity sha1-hcz7+BLmHrkGeN3BKf5R9D3789Y=
  dependencies:
    "@babel/runtime" "^7.4.5"
    decamelize "^4.0.0"

"@lugia/dict@^1.0.3":
  version "1.0.3"
  resolved "https://registry.npm.taobao.org/@lugia/dict/download/@lugia/dict-1.0.3.tgz#5143dbf47d89ba7cc3260f3c0921aeb3997e7336"
  integrity sha1-UUPb9H2JunzDJg88CSGus5l+czY=

"@lugia/object-utils@^1.0.15":
  version "1.0.15"
  resolved "https://registry.npm.taobao.org/@lugia/object-utils/download/@lugia/object-utils-1.0.15.tgz#ac1dbf6fdaee696d2adb7069e75621dbaf808084"
  integrity sha1-rB2/b9ruaW0q23Bp51Yh26+AgIQ=
  dependencies:
    "@babel/runtime" "^7.4.5"
    deepmerge "^3.2.0"
    is-plain-object "^3.0.0"

"@lugia/ramada@^1.0.3":
  version "1.0.3"
  resolved "https://registry.npm.taobao.org/@lugia/ramada/download/@lugia/ramada-1.0.3.tgz#387bdeb032dc79763a353d2be2044070380fe0d3"
  integrity sha1-OHvesDLceXY6NT0r4gRAcDgP4NM=
  dependencies:
    "@babel/runtime" "^7.4.5"

"@lugia/theme-core@^1.1.1":
  version "1.1.1"
  resolved "https://registry.npm.taobao.org/@lugia/theme-core/download/@lugia/theme-core-1.1.1.tgz#2f371d2b85060c0da3f67a81073f47415c1a5936"
  integrity sha1-LzcdK4UGDA2j9nqBBz9HQVwaWTY=
  dependencies:
    "@babel/runtime" "^7.4.5"
    "@lugia/object-utils" "^1.0.15"

"@lugia/theme-utils@^1.1.3":
  version "1.1.3"
  resolved "https://registry.npm.taobao.org/@lugia/theme-utils/download/@lugia/theme-utils-1.1.3.tgz#a5313bd71faefff0d613d86bddaa08fc7dff8902"
  integrity sha1-pTE71x+u//DWE9hr3aoI/H3/iQI=
  dependencies:
    "@babel/runtime" "^7.4.5"
    "@lugia/css" "^1.0.20"
    "@lugia/dict" "^1.0.3"

decamelize@^4.0.0:
  version "4.0.0"
  resolved "https://registry.npm.taobao.org/decamelize/download/decamelize-4.0.0.tgz#aa472d7bf660eb15f3494efd531cab7f2a709837"
  integrity sha1-qkcte/Zg6xXzSU79UxyrfypwmDc=

deepmerge@^3.2.0:
  version "3.3.0"
  resolved "https://registry.npm.taobao.org/deepmerge/download/deepmerge-3.3.0.tgz#d3c47fd6f3a93d517b14426b0628a17b0125f5f7"
  integrity sha1-08R/1vOpPVF7FEJrBiihewEl9fc=

is-plain-object@^3.0.0:
  version "3.0.0"
  resolved "https://registry.npm.taobao.org/is-plain-object/download/is-plain-object-3.0.0.tgz#47bfc5da1b5d50d64110806c199359482e75a928"
  integrity sha1-R7/F2htdUNZBEIBsGZNZSC51qSg=
  dependencies:
    isobject "^4.0.0"

isobject@^4.0.0:
  version "4.0.0"
  resolved "https://registry.npm.taobao.org/isobject/download/isobject-4.0.0.tgz#3f1c9155e73b192022a80819bacd0343711697b0"
  integrity sha1-PxyRVec7GSAiqAgZus0DQ3EWl7A=

regenerator-runtime@^0.13.2:
  version "0.13.2"
  resolved "https://registry.npm.taobao.org/regenerator-runtime/download/regenerator-runtime-0.13.2.tgz?cache=0&other_urls=https%3A%2F%2Fregistry.npm.taobao.org%2Fregenerator-runtime%2Fdownload%2Fregenerator-runtime-0.13.2.tgz#32e59c9a6fb9b1a4aff09b4930ca2d4477343447"
  integrity sha1-MuWcmm+5saSv8JtJMMotRHc0NEc=
