# THIS IS AN AUTOGENERATED FILE. DO NOT EDIT THIS FILE DIRECTLY.
# yarn lockfile v1


"@babel/runtime-corejs2@^7.2.0":
  version "7.4.5"
  resolved "https://registry.npm.taobao.org/@babel/runtime-corejs2/download/@babel/runtime-corejs2-7.4.5.tgz?cache=0&other_urls=https%3A%2F%2Fregistry.npm.taobao.org%2F%40babel%2Fruntime-corejs2%2Fdownload%2F%40babel%2Fruntime-corejs2-7.4.5.tgz#3d892f0560df21bafb384dd7727e33853e95d3c9"
  integrity sha1-PYkvBWDfIbr7OE3Xcn4zhT6V08k=
  dependencies:
    core-js "^2.6.5"
    regenerator-runtime "^0.13.2"

"@babel/runtime@^7.4.5":
  version "7.4.5"
  resolved "https://registry.npm.taobao.org/@babel/runtime/download/@babel/runtime-7.4.5.tgz?cache=0&other_urls=https%3A%2F%2Fregistry.npm.taobao.org%2F%40babel%2Fruntime%2Fdownload%2F%40babel%2Fruntime-7.4.5.tgz#582bb531f5f9dc67d2fcb682979894f75e253f12"
  integrity sha1-WCu1MfX53GfS/LaCl5iU914lPxI=
  dependencies:
    regenerator-runtime "^0.13.2"

"@lugia/css@^1.0.19":
  version "1.0.19"
  resolved "https://registry.npm.taobao.org/@lugia/css/download/@lugia/css-1.0.19.tgz#e56fb183b43191f996dc8413d4ab6da5d293f409"
  integrity sha1-5W+xg7QxkfmW3IQT1KttpdKT9Ak=
  dependencies:
    "@babel/runtime" "^7.4.5"
    decamelize "^3.2.0"

"@lugia/dict@^1.0.2":
  version "1.0.2"
  resolved "https://registry.yarnpkg.com/@lugia/dict/-/dict-1.0.2.tgz#b8bb19209e10ee3f2a143c5a9ba564c1a4333b32"
  integrity sha512-pWQ8OdAIXJPFBaBfUw0AO24ycTTvlr/LGRYG6l0EiTOYTUb0G/9rNdoczQ4ta+AXHubKw/zMTCN5XWmaeImh/Q==

"@lugia/object-utils@^1.0.15":
  version "1.0.15"
  resolved "https://registry.npm.taobao.org/@lugia/object-utils/download/@lugia/object-utils-1.0.15.tgz#ac1dbf6fdaee696d2adb7069e75621dbaf808084"
  integrity sha1-rB2/b9ruaW0q23Bp51Yh26+AgIQ=
  dependencies:
    "@babel/runtime" "^7.4.5"
    deepmerge "^3.2.0"
    is-plain-object "^3.0.0"

"@lugia/ramada@^1.0.3":
  version "1.0.3"
  resolved "https://registry.npm.taobao.org/@lugia/ramada/download/@lugia/ramada-1.0.3.tgz#387bdeb032dc79763a353d2be2044070380fe0d3"
  integrity sha1-OHvesDLceXY6NT0r4gRAcDgP4NM=
  dependencies:
    "@babel/runtime" "^7.4.5"

"@lugia/theme-core@^1.1.0-alpha.0":
  version "1.1.0-alpha.0"
  resolved "https://registry.yarnpkg.com/@lugia/theme-core/-/theme-core-1.1.0-alpha.0.tgz#9ba825eb44769ac95195481676d94668bdd63b1a"
  integrity sha512-1AL40x9fsKFes3/txr3lbbucwbR32z9r067h8saK70rDcobGTwc+QftruNCWLaeicwm0cDsvpKihKLYpjhKRyQ==
  dependencies:
    "@babel/runtime" "^7.4.5"
    "@lugia/object-utils" "^1.0.15"

"@lugia/theme-utils@^1.1.0":
  version "1.1.0"
  resolved "https://registry.yarnpkg.com/@lugia/theme-utils/-/theme-utils-1.1.0.tgz#ccc9a3b99896b6eaa6197ca74b7053f292c28aa1"
  integrity sha512-J4CTh1JDmHPTIg91QBjNgY4tStSVtvJzbd2YySjXlh9d19YDP0VQcZolWvBaVmuSEpgVf4CJxT+apiTRsJSt/A==
  dependencies:
    "@babel/runtime" "^7.4.5"
    "@lugia/css" "^1.0.19"

core-js@^2.6.5:
  version "2.6.9"
  resolved "https://registry.npm.taobao.org/core-js/download/core-js-2.6.9.tgz?cache=0&other_urls=https%3A%2F%2Fregistry.npm.taobao.org%2Fcore-js%2Fdownload%2Fcore-js-2.6.9.tgz#6b4b214620c834152e179323727fc19741b084f2"
  integrity sha1-a0shRiDINBUuF5Mjcn/Bl0GwhPI=

decamelize@^3.2.0:
  version "3.2.0"
  resolved "https://registry.npm.taobao.org/decamelize/download/decamelize-3.2.0.tgz#84b8e8f4f8c579f938e35e2cc7024907e0090851"
  integrity sha1-hLjo9PjFefk4414sxwJJB+AJCFE=
  dependencies:
    xregexp "^4.2.4"

deepmerge@^3.2.0:
  version "3.3.0"
  resolved "https://registry.npm.taobao.org/deepmerge/download/deepmerge-3.3.0.tgz#d3c47fd6f3a93d517b14426b0628a17b0125f5f7"
  integrity sha1-08R/1vOpPVF7FEJrBiihewEl9fc=

is-plain-object@^3.0.0:
  version "3.0.0"
  resolved "https://registry.npm.taobao.org/is-plain-object/download/is-plain-object-3.0.0.tgz#47bfc5da1b5d50d64110806c199359482e75a928"
  integrity sha1-R7/F2htdUNZBEIBsGZNZSC51qSg=
  dependencies:
    isobject "^4.0.0"

isobject@^4.0.0:
  version "4.0.0"
  resolved "https://registry.npm.taobao.org/isobject/download/isobject-4.0.0.tgz#3f1c9155e73b192022a80819bacd0343711697b0"
  integrity sha1-PxyRVec7GSAiqAgZus0DQ3EWl7A=

regenerator-runtime@^0.13.2:
  version "0.13.2"
  resolved "https://registry.npm.taobao.org/regenerator-runtime/download/regenerator-runtime-0.13.2.tgz?cache=0&other_urls=https%3A%2F%2Fregistry.npm.taobao.org%2Fregenerator-runtime%2Fdownload%2Fregenerator-runtime-0.13.2.tgz#32e59c9a6fb9b1a4aff09b4930ca2d4477343447"
  integrity sha1-MuWcmm+5saSv8JtJMMotRHc0NEc=

xregexp@^4.2.4:
  version "4.2.4"
  resolved "https://registry.npm.taobao.org/xregexp/download/xregexp-4.2.4.tgz#02a4aea056d65a42632c02f0233eab8e4d7e57ed"
  integrity sha1-AqSuoFbWWkJjLALwIz6rjk1+V+0=
  dependencies:
    "@babel/runtime-corejs2" "^7.2.0"
