# THIS IS AN AUTOGENERATED FILE. DO NOT EDIT THIS FILE DIRECTLY.
# yarn lockfile v1


"@lugia/react-devtools-core@^1.0.3":
  version "1.0.3"
  resolved "http://192.168.102.79:5001/@lugia/react-devtools-core/download/@lugia/react-devtools-core-1.0.3.tgz#9533850da98000b49cf9c62db34383d5270d669e"
  integrity sha1-lTOFDamAALSc+cYts0OD1ScNZp4=
  dependencies:
    shell-quote "^1.6.1"
    ws "^3.3.1"

array-filter@~0.0.0:
  version "0.0.1"
  resolved "https://registry.npm.taobao.org/array-filter/download/array-filter-0.0.1.tgz#7da8cf2e26628ed732803581fd21f67cacd2eeec"
  integrity sha1-fajPLiZijtcygDWB/SH2fKzS7uw=

array-map@~0.0.0:
  version "0.0.0"
  resolved "https://registry.npm.taobao.org/array-map/download/array-map-0.0.0.tgz#88a2bab73d1cf7bcd5c1b118a003f66f665fa662"
  integrity sha1-iKK6tz0c97zVwbEYoAP2b2ZfpmI=

array-reduce@~0.0.0:
  version "0.0.0"
  resolved "https://registry.npm.taobao.org/array-reduce/download/array-reduce-0.0.0.tgz#173899d3ffd1c7d9383e4479525dbe278cab5f2b"
  integrity sha1-FziZ0//Rx9k4PkR5Ul2+J4yrXys=

async-limiter@~1.0.0:
  version "1.0.0"
  resolved "https://registry.npm.taobao.org/async-limiter/download/async-limiter-1.0.0.tgz#78faed8c3d074ab81f22b4e985d79e8738f720f8"
  integrity sha1-ePrtjD0HSrgfIrTphdeehzj3IPg=

jsonify@~0.0.0:
  version "0.0.0"
  resolved "https://registry.npm.taobao.org/jsonify/download/jsonify-0.0.0.tgz#2c74b6ee41d93ca51b7b5aaee8f503631d252a73"
  integrity sha1-LHS27kHZPKUbe1qu6PUDYx0lKnM=

safe-buffer@~5.1.0:
  version "5.1.2"
  resolved "https://registry.npm.taobao.org/safe-buffer/download/safe-buffer-5.1.2.tgz#991ec69d296e0313747d59bdfd2b745c35f8828d"
  integrity sha1-mR7GnSluAxN0fVm9/St0XDX4go0=

shell-quote@^1.6.1:
  version "1.6.1"
  resolved "https://registry.npm.taobao.org/shell-quote/download/shell-quote-1.6.1.tgz#f4781949cce402697127430ea3b3c5476f481767"
  integrity sha1-9HgZSczkAmlxJ0MOo7PFR29IF2c=
  dependencies:
    array-filter "~0.0.0"
    array-map "~0.0.0"
    array-reduce "~0.0.0"
    jsonify "~0.0.0"

ultron@~1.1.0:
  version "1.1.1"
  resolved "https://registry.npm.taobao.org/ultron/download/ultron-1.1.1.tgz#9fe1536a10a664a65266a1e3ccf85fd36302bc9c"
  integrity sha1-n+FTahCmZKZSZqHjzPhf02MCvJw=

ws@^3.3.1:
  version "3.3.3"
  resolved "https://registry.npm.taobao.org/ws/download/ws-3.3.3.tgz?cache=0&sync_timestamp=1560788200711&other_urls=https%3A%2F%2Fregistry.npm.taobao.org%2Fws%2Fdownload%2Fws-3.3.3.tgz#f1cf84fe2d5e901ebce94efaece785f187a228f2"
  integrity sha1-8c+E/i1ekB686U767OeF8YeiKPI=
  dependencies:
    async-limiter "~1.0.0"
    safe-buffer "~5.1.0"
    ultron "~1.1.0"
